// !$*UTF8*$!
{
	archiveVersion = 1;
	classes = {
	};
	objectVersion = 51;
	objects = {

/* Begin PBXBuildFile section */
		5E7AC7BF5A6CF0A083E26AE8 /* Pods_QassimChalets.framework in Frameworks */ = {isa = PBXBuildFile; fileRef = C54E477F0DDDB1264BDF673D /* Pods_QassimChalets.framework */; };
		CA15ACA92370A148004DD44E /* AppDelegate.swift in Sources */ = {isa = PBXBuildFile; fileRef = CA15ACA82370A148004DD44E /* AppDelegate.swift */; };
		CA15ACAB2370A148004DD44E /* SceneDelegate.swift in Sources */ = {isa = PBXBuildFile; fileRef = CA15ACAA2370A148004DD44E /* SceneDelegate.swift */; };
		CA15ACAD2370A148004DD44E /* HomeViewController.swift in Sources */ = {isa = PBXBuildFile; fileRef = CA15ACAC2370A148004DD44E /* HomeViewController.swift */; };
		CA15ACB22370A14D004DD44E /* Assets.xcassets in Resources */ = {isa = PBXBuildFile; fileRef = CA15ACB12370A14D004DD44E /* Assets.xcassets */; };
		CA15ACB52370A14D004DD44E /* LaunchScreen.storyboard in Resources */ = {isa = PBXBuildFile; fileRef = CA15ACB32370A14D004DD44E /* LaunchScreen.storyboard */; };
		CA15ACBE2370AEE9004DD44E /* logoSh.png in Resources */ = {isa = PBXBuildFile; fileRef = CA15ACBD2370AEE9004DD44E /* logoSh.png */; };
		CA15ACC2237DA0A6004DD44E /* Extensions.swift in Sources */ = {isa = PBXBuildFile; fileRef = CA15ACC1237DA0A6004DD44E /* Extensions.swift */; };
		CA22C9AA239D195700C3EA0A /* Api.swift in Sources */ = {isa = PBXBuildFile; fileRef = CA22C9A9239D195700C3EA0A /* Api.swift */; };
		CA22C9AC239D21F800C3EA0A /* Config.swift in Sources */ = {isa = PBXBuildFile; fileRef = CA22C9AB239D21F800C3EA0A /* Config.swift */; };
		CA22C9AE239D282500C3EA0A /* RegisterViewController.swift in Sources */ = {isa = PBXBuildFile; fileRef = CA22C9AD239D282500C3EA0A /* RegisterViewController.swift */; };
		CA22C9B0239D554E00C3EA0A /* Helper.swift in Sources */ = {isa = PBXBuildFile; fileRef = CA22C9AF239D554E00C3EA0A /* Helper.swift */; };
		CA91B41523969C02000BD104 /* MoreViewController.swift in Sources */ = {isa = PBXBuildFile; fileRef = CA91B41423969C02000BD104 /* MoreViewController.swift */; };
		CA91B41A2396B756000BD104 /* CustomTableViewCell.swift in Sources */ = {isa = PBXBuildFile; fileRef = CA91B4182396B756000BD104 /* CustomTableViewCell.swift */; };
		CA91B41B2396B756000BD104 /* CustomTableViewCell.xib in Resources */ = {isa = PBXBuildFile; fileRef = CA91B4192396B756000BD104 /* CustomTableViewCell.xib */; };
		CA91B41E2397CB55000BD104 /* AddBuildingViewController.swift in Sources */ = {isa = PBXBuildFile; fileRef = CA91B41D2397CB55000BD104 /* AddBuildingViewController.swift */; };
		CA91B421239BC9F7000BD104 /* TextViewCell.swift in Sources */ = {isa = PBXBuildFile; fileRef = CA91B41F239BC9F7000BD104 /* TextViewCell.swift */; };
		CA91B422239BC9F7000BD104 /* TextViewCell.xib in Resources */ = {isa = PBXBuildFile; fileRef = CA91B420239BC9F7000BD104 /* TextViewCell.xib */; };
		CA91B424239BCCB3000BD104 /* SignInViewController.swift in Sources */ = {isa = PBXBuildFile; fileRef = CA91B423239BCCB3000BD104 /* SignInViewController.swift */; };
		CA939A232385843200B375C6 /* Main.storyboard in Resources */ = {isa = PBXBuildFile; fileRef = CA15ACAE2370A148004DD44E /* Main.storyboard */; };
/* End PBXBuildFile section */

/* Begin PBXFileReference section */
		11BD7D9850133402AD131131 /* Pods-QassimChalets.debug.xcconfig */ = {isa = PBXFileReference; includeInIndex = 1; lastKnownFileType = text.xcconfig; name = "Pods-QassimChalets.debug.xcconfig"; path = "Target Support Files/Pods-QassimChalets/Pods-QassimChalets.debug.xcconfig"; sourceTree = "<group>"; };
		9F0A33111B8320ADB3C984AA /* Pods-QassimChalets.release.xcconfig */ = {isa = PBXFileReference; includeInIndex = 1; lastKnownFileType = text.xcconfig; name = "Pods-QassimChalets.release.xcconfig"; path = "Target Support Files/Pods-QassimChalets/Pods-QassimChalets.release.xcconfig"; sourceTree = "<group>"; };
		C54E477F0DDDB1264BDF673D /* Pods_QassimChalets.framework */ = {isa = PBXFileReference; explicitFileType = wrapper.framework; includeInIndex = 0; path = Pods_QassimChalets.framework; sourceTree = BUILT_PRODUCTS_DIR; };
		CA15ACA52370A148004DD44E /* QassimChalets.app */ = {isa = PBXFileReference; explicitFileType = wrapper.application; includeInIndex = 0; path = QassimChalets.app; sourceTree = BUILT_PRODUCTS_DIR; };
		CA15ACA82370A148004DD44E /* AppDelegate.swift */ = {isa = PBXFileReference; lastKnownFileType = sourcecode.swift; path = AppDelegate.swift; sourceTree = "<group>"; };
		CA15ACAA2370A148004DD44E /* SceneDelegate.swift */ = {isa = PBXFileReference; lastKnownFileType = sourcecode.swift; path = SceneDelegate.swift; sourceTree = "<group>"; };
		CA15ACAC2370A148004DD44E /* HomeViewController.swift */ = {isa = PBXFileReference; lastKnownFileType = sourcecode.swift; path = HomeViewController.swift; sourceTree = "<group>"; };
		CA15ACAF2370A148004DD44E /* Base */ = {isa = PBXFileReference; lastKnownFileType = file.storyboard; name = Base; path = Base.lproj/Main.storyboard; sourceTree = "<group>"; };
		CA15ACB12370A14D004DD44E /* Assets.xcassets */ = {isa = PBXFileReference; lastKnownFileType = folder.assetcatalog; path = Assets.xcassets; sourceTree = "<group>"; };
		CA15ACB42370A14D004DD44E /* Base */ = {isa = PBXFileReference; lastKnownFileType = file.storyboard; name = Base; path = Base.lproj/LaunchScreen.storyboard; sourceTree = "<group>"; };
		CA15ACB62370A14D004DD44E /* Info.plist */ = {isa = PBXFileReference; lastKnownFileType = text.plist.xml; path = Info.plist; sourceTree = "<group>"; };
		CA15ACBD2370AEE9004DD44E /* logoSh.png */ = {isa = PBXFileReference; lastKnownFileType = image.png; path = logoSh.png; sourceTree = "<group>"; };
		CA15ACC1237DA0A6004DD44E /* Extensions.swift */ = {isa = PBXFileReference; lastKnownFileType = sourcecode.swift; path = Extensions.swift; sourceTree = "<group>"; };
		CA22C9A9239D195700C3EA0A /* Api.swift */ = {isa = PBXFileReference; lastKnownFileType = sourcecode.swift; path = Api.swift; sourceTree = "<group>"; };
		CA22C9AB239D21F800C3EA0A /* Config.swift */ = {isa = PBXFileReference; lastKnownFileType = sourcecode.swift; path = Config.swift; sourceTree = "<group>"; };
		CA22C9AD239D282500C3EA0A /* RegisterViewController.swift */ = {isa = PBXFileReference; lastKnownFileType = sourcecode.swift; path = RegisterViewController.swift; sourceTree = "<group>"; };
		CA22C9AF239D554E00C3EA0A /* Helper.swift */ = {isa = PBXFileReference; lastKnownFileType = sourcecode.swift; path = Helper.swift; sourceTree = "<group>"; };
		CA91B41423969C02000BD104 /* MoreViewController.swift */ = {isa = PBXFileReference; lastKnownFileType = sourcecode.swift; path = MoreViewController.swift; sourceTree = "<group>"; };
		CA91B4182396B756000BD104 /* CustomTableViewCell.swift */ = {isa = PBXFileReference; lastKnownFileType = sourcecode.swift; path = CustomTableViewCell.swift; sourceTree = "<group>"; };
		CA91B4192396B756000BD104 /* CustomTableViewCell.xib */ = {isa = PBXFileReference; lastKnownFileType = file.xib; path = CustomTableViewCell.xib; sourceTree = "<group>"; };
		CA91B41D2397CB55000BD104 /* AddBuildingViewController.swift */ = {isa = PBXFileReference; lastKnownFileType = sourcecode.swift; path = AddBuildingViewController.swift; sourceTree = "<group>"; };
		CA91B41F239BC9F7000BD104 /* TextViewCell.swift */ = {isa = PBXFileReference; lastKnownFileType = sourcecode.swift; path = TextViewCell.swift; sourceTree = "<group>"; };
		CA91B420239BC9F7000BD104 /* TextViewCell.xib */ = {isa = PBXFileReference; lastKnownFileType = file.xib; path = TextViewCell.xib; sourceTree = "<group>"; };
		CA91B423239BCCB3000BD104 /* SignInViewController.swift */ = {isa = PBXFileReference; lastKnownFileType = sourcecode.swift; path = SignInViewController.swift; sourceTree = "<group>"; };
/* End PBXFileReference section */

/* Begin PBXFrameworksBuildPhase section */
		CA15ACA22370A148004DD44E /* Frameworks */ = {
			isa = PBXFrameworksBuildPhase;
			buildActionMask = 2147483647;
			files = (
				5E7AC7BF5A6CF0A083E26AE8 /* Pods_QassimChalets.framework in Frameworks */,
			);
			runOnlyForDeploymentPostprocessing = 0;
		};
/* End PBXFrameworksBuildPhase section */

/* Begin PBXGroup section */
		737A2A0657A8E6E0502FAC25 /* Pods */ = {
			isa = PBXGroup;
			children = (
				11BD7D9850133402AD131131 /* Pods-QassimChalets.debug.xcconfig */,
				9F0A33111B8320ADB3C984AA /* Pods-QassimChalets.release.xcconfig */,
			);
			path = Pods;
			sourceTree = "<group>";
		};
		76E6F62348108D86B14962D4 /* Frameworks */ = {
			isa = PBXGroup;
			children = (
				C54E477F0DDDB1264BDF673D /* Pods_QassimChalets.framework */,
			);
			name = Frameworks;
			sourceTree = "<group>";
		};
		CA15AC9C2370A148004DD44E = {
			isa = PBXGroup;
			children = (
				CA15ACA72370A148004DD44E /* QassimChalets */,
				CA15ACA62370A148004DD44E /* Products */,
				737A2A0657A8E6E0502FAC25 /* Pods */,
				76E6F62348108D86B14962D4 /* Frameworks */,
			);
			sourceTree = "<group>";
		};
		CA15ACA62370A148004DD44E /* Products */ = {
			isa = PBXGroup;
			children = (
				CA15ACA52370A148004DD44E /* QassimChalets.app */,
			);
			name = Products;
			sourceTree = "<group>";
		};
		CA15ACA72370A148004DD44E /* QassimChalets */ = {
			isa = PBXGroup;
			children = (
				CA15ACA82370A148004DD44E /* AppDelegate.swift */,
				CA15ACAA2370A148004DD44E /* SceneDelegate.swift */,
				CA22C9A6239D18D700C3EA0A /* API Manager */,
				CA15ACBF2370B58B004DD44E /* Controllers */,
				CA15ACC02370B5B0004DD44E /* Views */,
				CA15ACBC2370AEB6004DD44E /* Support Files */,
				CA15ACB32370A14D004DD44E /* LaunchScreen.storyboard */,
				CA15ACB62370A14D004DD44E /* Info.plist */,
			);
			path = QassimChalets;
			sourceTree = "<group>";
		};
		CA15ACBC2370AEB6004DD44E /* Support Files */ = {
			isa = PBXGroup;
			children = (
				CA15ACBD2370AEE9004DD44E /* logoSh.png */,
				CA15ACB12370A14D004DD44E /* Assets.xcassets */,
			);
			path = "Support Files";
			sourceTree = "<group>";
		};
		CA15ACBF2370B58B004DD44E /* Controllers */ = {
			isa = PBXGroup;
			children = (
				CA15ACAC2370A148004DD44E /* HomeViewController.swift */,
				CA91B41423969C02000BD104 /* MoreViewController.swift */,
				CA15ACC1237DA0A6004DD44E /* Extensions.swift */,
				CA91B41D2397CB55000BD104 /* AddBuildingViewController.swift */,
				CA91B423239BCCB3000BD104 /* SignInViewController.swift */,
				CA22C9AD239D282500C3EA0A /* RegisterViewController.swift */,
				CA91B41C2396B777000BD104 /* CustomCell */,
			);
			path = Controllers;
			sourceTree = "<group>";
		};
		CA15ACC02370B5B0004DD44E /* Views */ = {
			isa = PBXGroup;
			children = (
				CA15ACAE2370A148004DD44E /* Main.storyboard */,
			);
			path = Views;
			sourceTree = "<group>";
		};
		CA22C9A6239D18D700C3EA0A /* API Manager */ = {
			isa = PBXGroup;
			children = (
				CA22C9A9239D195700C3EA0A /* Api.swift */,
				CA22C9AB239D21F800C3EA0A /* Config.swift */,
				CA22C9AF239D554E00C3EA0A /* Helper.swift */,
			);
			path = "API Manager";
			sourceTree = "<group>";
		};
		CA91B41C2396B777000BD104 /* CustomCell */ = {
			isa = PBXGroup;
			children = (
				CA91B4182396B756000BD104 /* CustomTableViewCell.swift */,
				CA91B4192396B756000BD104 /* CustomTableViewCell.xib */,
				CA91B41F239BC9F7000BD104 /* TextViewCell.swift */,
				CA91B420239BC9F7000BD104 /* TextViewCell.xib */,
			);
			path = CustomCell;
			sourceTree = "<group>";
		};
/* End PBXGroup section */

/* Begin PBXNativeTarget section */
		CA15ACA42370A148004DD44E /* QassimChalets */ = {
			isa = PBXNativeTarget;
			buildConfigurationList = CA15ACB92370A14D004DD44E /* Build configuration list for PBXNativeTarget "QassimChalets" */;
			buildPhases = (
				CE44F39C313473878F10A3E4 /* [CP] Check Pods Manifest.lock */,
				CA15ACA12370A148004DD44E /* Sources */,
				CA15ACA22370A148004DD44E /* Frameworks */,
				CA15ACA32370A148004DD44E /* Resources */,
				5D033C15286A3B721BD74F0E /* [CP] Embed Pods Frameworks */,
			);
			buildRules = (
			);
			dependencies = (
			);
			name = QassimChalets;
			productName = QassimChalets;
			productReference = CA15ACA52370A148004DD44E /* QassimChalets.app */;
			productType = "com.apple.product-type.application";
		};
/* End PBXNativeTarget section */

/* Begin PBXProject section */
		CA15AC9D2370A148004DD44E /* Project object */ = {
			isa = PBXProject;
			attributes = {
				LastSwiftUpdateCheck = 1100;
				LastUpgradeCheck = 1100;
				ORGANIZATIONNAME = Yousef;
				TargetAttributes = {
					CA15ACA42370A148004DD44E = {
						CreatedOnToolsVersion = 11.0;
					};
				};
			};
			buildConfigurationList = CA15ACA02370A148004DD44E /* Build configuration list for PBXProject "QassimChalets" */;
			compatibilityVersion = "Xcode 9.3";
			developmentRegion = en;
			hasScannedForEncodings = 0;
			knownRegions = (
				en,
				Base,
			);
			mainGroup = CA15AC9C2370A148004DD44E;
			productRefGroup = CA15ACA62370A148004DD44E /* Products */;
			projectDirPath = "";
			projectRoot = "";
			targets = (
				CA15ACA42370A148004DD44E /* QassimChalets */,
			);
		};
/* End PBXProject section */

/* Begin PBXResourcesBuildPhase section */
		CA15ACA32370A148004DD44E /* Resources */ = {
			isa = PBXResourcesBuildPhase;
			buildActionMask = 2147483647;
			files = (
				CA15ACB52370A14D004DD44E /* LaunchScreen.storyboard in Resources */,
				CA15ACBE2370AEE9004DD44E /* logoSh.png in Resources */,
				CA15ACB22370A14D004DD44E /* Assets.xcassets in Resources */,
				CA91B41B2396B756000BD104 /* CustomTableViewCell.xib in Resources */,
				CA939A232385843200B375C6 /* Main.storyboard in Resources */,
				CA91B422239BC9F7000BD104 /* TextViewCell.xib in Resources */,
			);
			runOnlyForDeploymentPostprocessing = 0;
		};
/* End PBXResourcesBuildPhase section */

/* Begin PBXShellScriptBuildPhase section */
		5D033C15286A3B721BD74F0E /* [CP] Embed Pods Frameworks */ = {
			isa = PBXShellScriptBuildPhase;
			buildActionMask = 2147483647;
			files = (
			);
			inputFileListPaths = (
				"${PODS_ROOT}/Target Support Files/Pods-QassimChalets/Pods-QassimChalets-frameworks-${CONFIGURATION}-input-files.xcfilelist",
			);
			name = "[CP] Embed Pods Frameworks";
			outputFileListPaths = (
				"${PODS_ROOT}/Target Support Files/Pods-QassimChalets/Pods-QassimChalets-frameworks-${CONFIGURATION}-output-files.xcfilelist",
			);
			runOnlyForDeploymentPostprocessing = 0;
			shellPath = /bin/sh;
			shellScript = "\"${PODS_ROOT}/Target Support Files/Pods-QassimChalets/Pods-QassimChalets-frameworks.sh\"\n";
			showEnvVarsInLog = 0;
		};
		CE44F39C313473878F10A3E4 /* [CP] Check Pods Manifest.lock */ = {
			isa = PBXShellScriptBuildPhase;
			buildActionMask = 2147483647;
			files = (
			);
			inputFileListPaths = (
			);
			inputPaths = (
				"${PODS_PODFILE_DIR_PATH}/Podfile.lock",
				"${PODS_ROOT}/Manifest.lock",
			);
			name = "[CP] Check Pods Manifest.lock";
			outputFileListPaths = (
			);
			outputPaths = (
				"$(DERIVED_FILE_DIR)/Pods-QassimChalets-checkManifestLockResult.txt",
			);
			runOnlyForDeploymentPostprocessing = 0;
			shellPath = /bin/sh;
			shellScript = "diff \"${PODS_PODFILE_DIR_PATH}/Podfile.lock\" \"${PODS_ROOT}/Manifest.lock\" > /dev/null\nif [ $? != 0 ] ; then\n    # print error to STDERR\n    echo \"error: The sandbox is not in sync with the Podfile.lock. Run 'pod install' or update your CocoaPods installation.\" >&2\n    exit 1\nfi\n# This output is used by Xcode 'outputs' to avoid re-running this script phase.\necho \"SUCCESS\" > \"${SCRIPT_OUTPUT_FILE_0}\"\n";
			showEnvVarsInLog = 0;
		};
/* End PBXShellScriptBuildPhase section */

/* Begin PBXSourcesBuildPhase section */
		CA15ACA12370A148004DD44E /* Sources */ = {
			isa = PBXSourcesBuildPhase;
			buildActionMask = 2147483647;
			files = (
				CA91B41523969C02000BD104 /* MoreViewController.swift in Sources */,
				CA15ACAD2370A148004DD44E /* HomeViewController.swift in Sources */,
				CA91B41E2397CB55000BD104 /* AddBuildingViewController.swift in Sources */,
				CA22C9AE239D282500C3EA0A /* RegisterViewController.swift in Sources */,
				CA91B41A2396B756000BD104 /* CustomTableViewCell.swift in Sources */,
				CA22C9AC239D21F800C3EA0A /* Config.swift in Sources */,
				CA15ACA92370A148004DD44E /* AppDelegate.swift in Sources */,
				CA91B424239BCCB3000BD104 /* SignInViewController.swift in Sources */,
				CA91B421239BC9F7000BD104 /* TextViewCell.swift in Sources */,
				CA15ACAB2370A148004DD44E /* SceneDelegate.swift in Sources */,
				CA22C9B0239D554E00C3EA0A /* Helper.swift in Sources */,
				CA22C9AA239D195700C3EA0A /* Api.swift in Sources */,
				CA15ACC2237DA0A6004DD44E /* Extensions.swift in Sources */,
			);
			runOnlyForDeploymentPostprocessing = 0;
		};
/* End PBXSourcesBuildPhase section */

/* Begin PBXVariantGroup section */
		CA15ACAE2370A148004DD44E /* Main.storyboard */ = {
			isa = PBXVariantGroup;
			children = (
				CA15ACAF2370A148004DD44E /* Base */,
			);
			name = Main.storyboard;
			sourceTree = "<group>";
		};
		CA15ACB32370A14D004DD44E /* LaunchScreen.storyboard */ = {
			isa = PBXVariantGroup;
			children = (
				CA15ACB42370A14D004DD44E /* Base */,
			);
			name = LaunchScreen.storyboard;
			sourceTree = "<group>";
		};
/* End PBXVariantGroup section */

/* Begin XCBuildConfiguration section */
		CA15ACB72370A14D004DD44E /* Debug */ = {
			isa = XCBuildConfiguration;
			buildSettings = {
				ALWAYS_SEARCH_USER_PATHS = NO;
				CLANG_ANALYZER_NONNULL = YES;
				CLANG_ANALYZER_NUMBER_OBJECT_CONVERSION = YES_AGGRESSIVE;
				CLANG_CXX_LANGUAGE_STANDARD = "gnu++14";
				CLANG_CXX_LIBRARY = "libc++";
				CLANG_ENABLE_MODULES = YES;
				CLANG_ENABLE_OBJC_ARC = YES;
				CLANG_ENABLE_OBJC_WEAK = YES;
				CLANG_WARN_BLOCK_CAPTURE_AUTORELEASING = YES;
				CLANG_WARN_BOOL_CONVERSION = YES;
				CLANG_WARN_COMMA = YES;
				CLANG_WARN_CONSTANT_CONVERSION = YES;
				CLANG_WARN_DEPRECATED_OBJC_IMPLEMENTATIONS = YES;
				CLANG_WARN_DIRECT_OBJC_ISA_USAGE = YES_ERROR;
				CLANG_WARN_DOCUMENTATION_COMMENTS = YES;
				CLANG_WARN_EMPTY_BODY = YES;
				CLANG_WARN_ENUM_CONVERSION = YES;
				CLANG_WARN_INFINITE_RECURSION = YES;
				CLANG_WARN_INT_CONVERSION = YES;
				CLANG_WARN_NON_LITERAL_NULL_CONVERSION = YES;
				CLANG_WARN_OBJC_IMPLICIT_RETAIN_SELF = YES;
				CLANG_WARN_OBJC_LITERAL_CONVERSION = YES;
				CLANG_WARN_OBJC_ROOT_CLASS = YES_ERROR;
				CLANG_WARN_RANGE_LOOP_ANALYSIS = YES;
				CLANG_WARN_STRICT_PROTOTYPES = YES;
				CLANG_WARN_SUSPICIOUS_MOVE = YES;
				CLANG_WARN_UNGUARDED_AVAILABILITY = YES_AGGRESSIVE;
				CLANG_WARN_UNREACHABLE_CODE = YES;
				CLANG_WARN__DUPLICATE_METHOD_MATCH = YES;
				COPY_PHASE_STRIP = NO;
				DEBUG_INFORMATION_FORMAT = dwarf;
				ENABLE_STRICT_OBJC_MSGSEND = YES;
				ENABLE_TESTABILITY = YES;
				GCC_C_LANGUAGE_STANDARD = gnu11;
				GCC_DYNAMIC_NO_PIC = NO;
				GCC_NO_COMMON_BLOCKS = YES;
				GCC_OPTIMIZATION_LEVEL = 0;
				GCC_PREPROCESSOR_DEFINITIONS = (
					"DEBUG=1",
					"$(inherited)",
				);
				GCC_WARN_64_TO_32_BIT_CONVERSION = YES;
				GCC_WARN_ABOUT_RETURN_TYPE = YES_ERROR;
				GCC_WARN_UNDECLARED_SELECTOR = YES;
				GCC_WARN_UNINITIALIZED_AUTOS = YES_AGGRESSIVE;
				GCC_WARN_UNUSED_FUNCTION = YES;
				GCC_WARN_UNUSED_VARIABLE = YES;
				IPHONEOS_DEPLOYMENT_TARGET = 13.0;
				MTL_ENABLE_DEBUG_INFO = INCLUDE_SOURCE;
				MTL_FAST_MATH = YES;
				ONLY_ACTIVE_ARCH = YES;
				SDKROOT = iphoneos;
				SWIFT_ACTIVE_COMPILATION_CONDITIONS = DEBUG;
				SWIFT_OPTIMIZATION_LEVEL = "-Onone";
			};
			name = Debug;
		};
		CA15ACB82370A14D004DD44E /* Release */ = {
			isa = XCBuildConfiguration;
			buildSettings = {
				ALWAYS_SEARCH_USER_PATHS = NO;
				CLANG_ANALYZER_NONNULL = YES;
				CLANG_ANALYZER_NUMBER_OBJECT_CONVERSION = YES_AGGRESSIVE;
				CLANG_CXX_LANGUAGE_STANDARD = "gnu++14";
				CLANG_CXX_LIBRARY = "libc++";
				CLANG_ENABLE_MODULES = YES;
				CLANG_ENABLE_OBJC_ARC = YES;
				CLANG_ENABLE_OBJC_WEAK = YES;
				CLANG_WARN_BLOCK_CAPTURE_AUTORELEASING = YES;
				CLANG_WARN_BOOL_CONVERSION = YES;
				CLANG_WARN_COMMA = YES;
				CLANG_WARN_CONSTANT_CONVERSION = YES;
				CLANG_WARN_DEPRECATED_OBJC_IMPLEMENTATIONS = YES;
				CLANG_WARN_DIRECT_OBJC_ISA_USAGE = YES_ERROR;
				CLANG_WARN_DOCUMENTATION_COMMENTS = YES;
				CLANG_WARN_EMPTY_BODY = YES;
				CLANG_WARN_ENUM_CONVERSION = YES;
				CLANG_WARN_INFINITE_RECURSION = YES;
				CLANG_WARN_INT_CONVERSION = YES;
				CLANG_WARN_NON_LITERAL_NULL_CONVERSION = YES;
				CLANG_WARN_OBJC_IMPLICIT_RETAIN_SELF = YES;
				CLANG_WARN_OBJC_LITERAL_CONVERSION = YES;
				CLANG_WARN_OBJC_ROOT_CLASS = YES_ERROR;
				CLANG_WARN_RANGE_LOOP_ANALYSIS = YES;
				CLANG_WARN_STRICT_PROTOTYPES = YES;
				CLANG_WARN_SUSPICIOUS_MOVE = YES;
				CLANG_WARN_UNGUARDED_AVAILABILITY = YES_AGGRESSIVE;
				CLANG_WARN_UNREACHABLE_CODE = YES;
				CLANG_WARN__DUPLICATE_METHOD_MATCH = YES;
				COPY_PHASE_STRIP = NO;
				DEBUG_INFORMATION_FORMAT = "dwarf-with-dsym";
				ENABLE_NS_ASSERTIONS = NO;
				ENABLE_STRICT_OBJC_MSGSEND = YES;
				GCC_C_LANGUAGE_STANDARD = gnu11;
				GCC_NO_COMMON_BLOCKS = YES;
				GCC_WARN_64_TO_32_BIT_CONVERSION = YES;
				GCC_WARN_ABOUT_RETURN_TYPE = YES_ERROR;
				GCC_WARN_UNDECLARED_SELECTOR = YES;
				GCC_WARN_UNINITIALIZED_AUTOS = YES_AGGRESSIVE;
				GCC_WARN_UNUSED_FUNCTION = YES;
				GCC_WARN_UNUSED_VARIABLE = YES;
				IPHONEOS_DEPLOYMENT_TARGET = 13.0;
				MTL_ENABLE_DEBUG_INFO = NO;
				MTL_FAST_MATH = YES;
				SDKROOT = iphoneos;
				SWIFT_COMPILATION_MODE = wholemodule;
				SWIFT_OPTIMIZATION_LEVEL = "-O";
				VALIDATE_PRODUCT = YES;
			};
			name = Release;
		};
		CA15ACBA2370A14D004DD44E /* Debug */ = {
			isa = XCBuildConfiguration;
			baseConfigurationReference = 11BD7D9850133402AD131131 /* Pods-QassimChalets.debug.xcconfig */;
			buildSettings = {
				ASSETCATALOG_COMPILER_APPICON_NAME = AppIcon;
				CODE_SIGN_STYLE = Automatic;
				DEVELOPMENT_TEAM = 7QVHT6489F;
				INFOPLIST_FILE = QassimChalets/Info.plist;
				LD_RUNPATH_SEARCH_PATHS = (
					"$(inherited)",
					"@executable_path/Frameworks",
				);
				PRODUCT_BUNDLE_IDENTIFIER = yousef.com.QassimChalets;
				PRODUCT_NAME = "$(TARGET_NAME)";
				SWIFT_VERSION = 5.0;
				TARGETED_DEVICE_FAMILY = "1,2";
			};
			name = Debug;
		};
		CA15ACBB2370A14D004DD44E /* Release */ = {
			isa = XCBuildConfiguration;
			baseConfigurationReference = 9F0A33111B8320ADB3C984AA /* Pods-QassimChalets.release.xcconfig */;
			buildSettings = {
				ASSETCATALOG_COMPILER_APPICON_NAME = AppIcon;
				CODE_SIGN_STYLE = Automatic;
				DEVELOPMENT_TEAM = 7QVHT6489F;
				INFOPLIST_FILE = QassimChalets/Info.plist;
				LD_RUNPATH_SEARCH_PATHS = (
					"$(inherited)",
					"@executable_path/Frameworks",
				);
				PRODUCT_BUNDLE_IDENTIFIER = yousef.com.QassimChalets;
				PRODUCT_NAME = "$(TARGET_NAME)";
				SWIFT_VERSION = 5.0;
				TARGETED_DEVICE_FAMILY = "1,2";
			};
			name = Release;
		};
/* End XCBuildConfiguration section */

/* Begin XCConfigurationList section */
		CA15ACA02370A148004DD44E /* Build configuration list for PBXProject "QassimChalets" */ = {
			isa = XCConfigurationList;
			buildConfigurations = (
				CA15ACB72370A14D004DD44E /* Debug */,
				CA15ACB82370A14D004DD44E /* Release */,
			);
			defaultConfigurationIsVisible = 0;
			defaultConfigurationName = Release;
		};
		CA15ACB92370A14D004DD44E /* Build configuration list for PBXNativeTarget "QassimChalets" */ = {
			isa = XCConfigurationList;
			buildConfigurations = (
				CA15ACBA2370A14D004DD44E /* Debug */,
				CA15ACBB2370A14D004DD44E /* Release */,
			);
			defaultConfigurationIsVisible = 0;
			defaultConfigurationName = Release;
		};
/* End XCConfigurationList section */
	};
	rootObject = CA15AC9D2370A148004DD44E /* Project object */;
}
